{
    "version": 3,
    "terraform_version": "0.7.0",
    "serial": 14,
    "lineage": "9cd67e72-ce2f-4e0d-819b-949b80caaab9",
    "modules": [
        {
            "path": [
                "root"
            ],
            "outputs": {},
            "resources": {
                "aws_eip.ross-tf-test": {
                    "type": "aws_eip",
                    "depends_on": [
                        "aws_instance.ross-tf-test"
                    ],
                    "primary": {
                        "id": "eipalloc-5121f235",
                        "attributes": {
                            "association_id": "eipassoc-a3a056da",
                            "domain": "vpc",
                            "id": "eipalloc-5121f235",
                            "instance": "i-6ee402ae",
                            "network_interface": "eni-89f3dec5",
                            "private_ip": "10.0.1.95",
                            "public_ip": "52.30.113.237"
                        }
                    }
                },
                "aws_instance.ross-tf-test": {
                    "type": "aws_instance",
                    "depends_on": [
                        "aws_key_pair.ross-tf-test",
                        "aws_security_group.ross-tf-test",
                        "aws_subnet.ross-tf-test"
                    ],
                    "primary": {
                        "id": "i-6ee402ae",
                        "attributes": {
                            "ami": "ami-2c3e7b5f",
                            "availability_zone": "eu-west-1a",
                            "disable_api_termination": "false",
                            "ebs_block_device.#": "0",
                            "ebs_optimized": "false",
                            "ephemeral_block_device.#": "0",
                            "iam_instance_profile": "",
                            "id": "i-6ee402ae",
                            "instance_state": "running",
                            "instance_type": "m1.small",
                            "key_name": "aws_tf",
                            "monitoring": "false",
                            "network_interface_id": "eni-89f3dec5",
                            "private_dns": "ip-10-0-1-95.eu-west-1.compute.internal",
                            "private_ip": "10.0.1.95",
                            "public_dns": "",
                            "public_ip": "54.229.96.58",
                            "root_block_device.#": "0",
                            "security_groups.#": "0",
                            "source_dest_check": "true",
                            "subnet_id": "subnet-d49af3a2",
                            "tags.%": "1",
                            "tags.Name": "ross-tf-test-server",
                            "tenancy": "default",
                            "vpc_security_group_ids.#": "1",
                            "vpc_security_group_ids.1041878458": "sg-fbe20d9d"
                        },
                        "meta": {
                            "schema_version": "1"
                        }
                    }
                },
                "aws_internet_gateway.main": {
                    "type": "aws_internet_gateway",
                    "depends_on": [
                        "aws_vpc.ross-tf-test"
                    ],
                    "primary": {
                        "id": "igw-55aeb430",
                        "attributes": {
                            "id": "igw-55aeb430",
                            "tags.%": "1",
                            "tags.Name": "ross-tf-test",
                            "vpc_id": "vpc-e960fc8d"
                        }
                    }
                },
                "aws_key_pair.ross-tf-test": {
                    "type": "aws_key_pair",
                    "primary": {
                        "id": "aws_tf",
                        "attributes": {
                            "fingerprint": "20:3a:1f:b2:ab:60:17:50:db:7c:24:14:d9:37:40:55",
                            "id": "aws_tf",
                            "key_name": "aws_tf",
                            "public_key": "ssh-rsa AAAAB3NzaC1yc2EAAAADAQABAAABAQDRSo6riKlmhjCVcT4284ZEDKDcz5Ij2NvN3kliSmKVXpQVuXBXvSrq/tlxRysBxoRPJHywWw8FO1WT5petrCHNdYVrGSMSkP5/+e0SqanEaMaIxT7OL4Hi7SYMHA5iQn6EnToJt/kMXRrvYKqtp59rrmqRax6Uw8eZUcY8QFGM7MCW0oh0NR2GfFDHJvUXAfJ1m00H+qdNLE9A7MRvbRJuS8RJSzjCxSt2RDNaa8tQJ30RMR6f2AEI10zZ96jcCt1Oga8sVnXcOnGb3XRzOoLZP0+XvAIyBAaC2sqD4j0lRGfv3/V+eIaVzyyfz48nu61KuMmm1fpxsDqV1Xlivj+T rkippenbrock@localhost.localdomain"
                        },
                        "meta": {
                            "schema_version": "1"
                        }
                    }
                },
                "aws_main_route_table_association.main": {
                    "type": "aws_main_route_table_association",
                    "depends_on": [
                        "aws_route_table.ross-tf-test",
                        "aws_vpc.ross-tf-test"
                    ],
                    "primary": {
                        "id": "rtbassoc-5dce7c3a",
                        "attributes": {
                            "id": "rtbassoc-5dce7c3a",
                            "original_route_table_id": "rtb-68a0fb0c",
                            "route_table_id": "rtb-44a0fb20",
                            "vpc_id": "vpc-e960fc8d"
                        }
                    }
                },
                "aws_route_table.ross-tf-test": {
                    "type": "aws_route_table",
                    "depends_on": [
                        "aws_internet_gateway.main",
                        "aws_vpc.ross-tf-test"
                    ],
                    "primary": {
                        "id": "rtb-44a0fb20",
                        "attributes": {
                            "id": "rtb-44a0fb20",
                            "propagating_vgws.#": "0",
                            "route.#": "1",
                            "route.3643719378.cidr_block": "0.0.0.0/0",
                            "route.3643719378.gateway_id": "igw-55aeb430",
                            "route.3643719378.instance_id": "",
                            "route.3643719378.nat_gateway_id": "",
                            "route.3643719378.network_interface_id": "",
                            "route.3643719378.vpc_peering_connection_id": "",
                            "tags.%": "1",
                            "tags.Name": "ross-tf-test",
                            "vpc_id": "vpc-e960fc8d"
                        }
                    }
                },
                "aws_security_group.ross-tf-test": {
                    "type": "aws_security_group",
                    "depends_on": [
                        "aws_vpc.ross-tf-test"
                    ],
                    "primary": {
                        "id": "sg-fbe20d9d",
                        "attributes": {
                            "description": "Managed by Terraform",
                            "egress.#": "0",
                            "id": "sg-fbe20d9d",
                            "ingress.#": "1",
                            "ingress.2541437006.cidr_blocks.#": "1",
                            "ingress.2541437006.cidr_blocks.0": "0.0.0.0/0",
                            "ingress.2541437006.from_port": "22",
                            "ingress.2541437006.protocol": "tcp",
                            "ingress.2541437006.security_groups.#": "0",
                            "ingress.2541437006.self": "false",
                            "ingress.2541437006.to_port": "22",
                            "name": "ross-tf-test",
                            "owner_id": "246611960528",
                            "tags.%": "0",
                            "vpc_id": "vpc-e960fc8d"
                        }
                    }
                },
                "aws_subnet.ross-tf-test": {
                    "type": "aws_subnet",
                    "depends_on": [
                        "aws_vpc.ross-tf-test"
                    ],
                    "primary": {
                        "id": "subnet-d49af3a2",
                        "attributes": {
                            "availability_zone": "eu-west-1a",
                            "cidr_block": "10.0.1.0/24",
                            "id": "subnet-d49af3a2",
                            "map_public_ip_on_launch": "true",
                            "tags.%": "1",
                            "tags.Name": "ross-tf-test",
                            "vpc_id": "vpc-e960fc8d"
                        }
                    }
                },
                "aws_vpc.ross-tf-test": {
                    "type": "aws_vpc",
                    "primary": {
                        "id": "vpc-e960fc8d",
                        "attributes": {
                            "cidr_block": "10.0.0.0/16",
                            "default_network_acl_id": "acl-07115963",
                            "default_security_group_id": "sg-e8e20d8e",
                            "dhcp_options_id": "dopt-d5757cb7",
                            "enable_classiclink": "false",
                            "enable_dns_hostnames": "false",
                            "enable_dns_support": "true",
                            "id": "vpc-e960fc8d",
                            "instance_tenancy": "default",
                            "main_route_table_id": "rtb-44a0fb20",
                            "tags.%": "1",
                            "tags.Name": "ross-tf-test"
                        }
                    }
                }
            }
        }
    ]
}
